
Microsoft Visual Studio Solution File, Format Version 12.00
# Visual Studio Version 17
VisualStudioVersion = 17.5.2.0
MinimumVisualStudioVersion = 10.0.40219.1
Project("{2150E333-8FDC-42A3-9474-1A3956D46DE8}") = "src", "src", "{827E0CD3-B72D-47B6-A68D-7590B98EB39B}"
EndProject
Project("{FAE04EC0-301F-11D3-BF4B-00C04F79EFBC}") = "AuthService", "src\AuthService\AuthService.csproj", "{5C291AE0-4AB8-79EF-E3AE-1E6149BF3055}"
EndProject
Project("{FAE04EC0-301F-11D3-BF4B-00C04F79EFBC}") = "SoundStashKit", "src\SoundStashKit\SoundStashKit.csproj", "{0C5F1392-03DC-4DB2-8698-EB74687DB83C}"
EndProject
Project("{FAE04EC0-301F-11D3-BF4B-00C04F79EFBC}") = "UserService", "src\UserService\UserService.csproj", "{4AF2FFC9-8CC4-4E91-84F8-FEEF89C8D01A}"
EndProject
Project("{FAE04EC0-301F-11D3-BF4B-00C04F79EFBC}") = "Gateway", "src\Gateway\Gateway.csproj", "{4D0D9563-2534-469B-BF29-AD163F836C32}"
EndProject
Project("{FAE04EC0-301F-11D3-BF4B-00C04F79EFBC}") = "AudioWorker", "src\AudioWorker\AudioWorker.csproj", "{436725F0-B9ED-4527-A19C-B6885315AF97}"
EndProject
Global
	GlobalSection(SolutionConfigurationPlatforms) = preSolution
		Debug|Any CPU = Debug|Any CPU
		Debug|x64 = Debug|x64
		Debug|x86 = Debug|x86
		Release|Any CPU = Release|Any CPU
		Release|x64 = Release|x64
		Release|x86 = Release|x86
	EndGlobalSection
	GlobalSection(ProjectConfigurationPlatforms) = postSolution
		{5C291AE0-4AB8-79EF-E3AE-1E6149BF3055}.Debug|Any CPU.ActiveCfg = Debug|Any CPU
		{5C291AE0-4AB8-79EF-E3AE-1E6149BF3055}.Debug|Any CPU.Build.0 = Debug|Any CPU
		{5C291AE0-4AB8-79EF-E3AE-1E6149BF3055}.Debug|x64.ActiveCfg = Debug|Any CPU
		{5C291AE0-4AB8-79EF-E3AE-1E6149BF3055}.Debug|x64.Build.0 = Debug|Any CPU
		{5C291AE0-4AB8-79EF-E3AE-1E6149BF3055}.Debug|x86.ActiveCfg = Debug|Any CPU
		{5C291AE0-4AB8-79EF-E3AE-1E6149BF3055}.Debug|x86.Build.0 = Debug|Any CPU
		{5C291AE0-4AB8-79EF-E3AE-1E6149BF3055}.Release|Any CPU.ActiveCfg = Release|Any CPU
		{5C291AE0-4AB8-79EF-E3AE-1E6149BF3055}.Release|Any CPU.Build.0 = Release|Any CPU
		{5C291AE0-4AB8-79EF-E3AE-1E6149BF3055}.Release|x64.ActiveCfg = Release|Any CPU
		{5C291AE0-4AB8-79EF-E3AE-1E6149BF3055}.Release|x64.Build.0 = Release|Any CPU
		{5C291AE0-4AB8-79EF-E3AE-1E6149BF3055}.Release|x86.ActiveCfg = Release|Any CPU
		{5C291AE0-4AB8-79EF-E3AE-1E6149BF3055}.Release|x86.Build.0 = Release|Any CPU
		{0C5F1392-03DC-4DB2-8698-EB74687DB83C}.Debug|Any CPU.ActiveCfg = Debug|Any CPU
		{0C5F1392-03DC-4DB2-8698-EB74687DB83C}.Debug|Any CPU.Build.0 = Debug|Any CPU
		{0C5F1392-03DC-4DB2-8698-EB74687DB83C}.Debug|x64.ActiveCfg = Debug|Any CPU
		{0C5F1392-03DC-4DB2-8698-EB74687DB83C}.Debug|x64.Build.0 = Debug|Any CPU
		{0C5F1392-03DC-4DB2-8698-EB74687DB83C}.Debug|x86.ActiveCfg = Debug|Any CPU
		{0C5F1392-03DC-4DB2-8698-EB74687DB83C}.Debug|x86.Build.0 = Debug|Any CPU
		{0C5F1392-03DC-4DB2-8698-EB74687DB83C}.Release|Any CPU.ActiveCfg = Release|Any CPU
		{0C5F1392-03DC-4DB2-8698-EB74687DB83C}.Release|Any CPU.Build.0 = Release|Any CPU
		{0C5F1392-03DC-4DB2-8698-EB74687DB83C}.Release|x64.ActiveCfg = Release|Any CPU
		{0C5F1392-03DC-4DB2-8698-EB74687DB83C}.Release|x64.Build.0 = Release|Any CPU
		{0C5F1392-03DC-4DB2-8698-EB74687DB83C}.Release|x86.ActiveCfg = Release|Any CPU
		{0C5F1392-03DC-4DB2-8698-EB74687DB83C}.Release|x86.Build.0 = Release|Any CPU
		{4AF2FFC9-8CC4-4E91-84F8-FEEF89C8D01A}.Debug|Any CPU.ActiveCfg = Debug|Any CPU
		{4AF2FFC9-8CC4-4E91-84F8-FEEF89C8D01A}.Debug|Any CPU.Build.0 = Debug|Any CPU
		{4AF2FFC9-8CC4-4E91-84F8-FEEF89C8D01A}.Debug|x64.ActiveCfg = Debug|Any CPU
		{4AF2FFC9-8CC4-4E91-84F8-FEEF89C8D01A}.Debug|x64.Build.0 = Debug|Any CPU
		{4AF2FFC9-8CC4-4E91-84F8-FEEF89C8D01A}.Debug|x86.ActiveCfg = Debug|Any CPU
		{4AF2FFC9-8CC4-4E91-84F8-FEEF89C8D01A}.Debug|x86.Build.0 = Debug|Any CPU
		{4AF2FFC9-8CC4-4E91-84F8-FEEF89C8D01A}.Release|Any CPU.ActiveCfg = Release|Any CPU
		{4AF2FFC9-8CC4-4E91-84F8-FEEF89C8D01A}.Release|Any CPU.Build.0 = Release|Any CPU
		{4AF2FFC9-8CC4-4E91-84F8-FEEF89C8D01A}.Release|x64.ActiveCfg = Release|Any CPU
		{4AF2FFC9-8CC4-4E91-84F8-FEEF89C8D01A}.Release|x64.Build.0 = Release|Any CPU
		{4AF2FFC9-8CC4-4E91-84F8-FEEF89C8D01A}.Release|x86.ActiveCfg = Release|Any CPU
		{4AF2FFC9-8CC4-4E91-84F8-FEEF89C8D01A}.Release|x86.Build.0 = Release|Any CPU
		{4D0D9563-2534-469B-BF29-AD163F836C32}.Debug|Any CPU.ActiveCfg = Debug|Any CPU
		{4D0D9563-2534-469B-BF29-AD163F836C32}.Debug|Any CPU.Build.0 = Debug|Any CPU
		{4D0D9563-2534-469B-BF29-AD163F836C32}.Debug|x64.ActiveCfg = Debug|Any CPU
		{4D0D9563-2534-469B-BF29-AD163F836C32}.Debug|x64.Build.0 = Debug|Any CPU
		{4D0D9563-2534-469B-BF29-AD163F836C32}.Debug|x86.ActiveCfg = Debug|Any CPU
		{4D0D9563-2534-469B-BF29-AD163F836C32}.Debug|x86.Build.0 = Debug|Any CPU
		{4D0D9563-2534-469B-BF29-AD163F836C32}.Release|Any CPU.ActiveCfg = Release|Any CPU
		{4D0D9563-2534-469B-BF29-AD163F836C32}.Release|Any CPU.Build.0 = Release|Any CPU
		{4D0D9563-2534-469B-BF29-AD163F836C32}.Release|x64.ActiveCfg = Release|Any CPU
		{4D0D9563-2534-469B-BF29-AD163F836C32}.Release|x64.Build.0 = Release|Any CPU
		{4D0D9563-2534-469B-BF29-AD163F836C32}.Release|x86.ActiveCfg = Release|Any CPU
		{4D0D9563-2534-469B-BF29-AD163F836C32}.Release|x86.Build.0 = Release|Any CPU
		{436725F0-B9ED-4527-A19C-B6885315AF97}.Debug|Any CPU.ActiveCfg = Debug|Any CPU
		{436725F0-B9ED-4527-A19C-B6885315AF97}.Debug|Any CPU.Build.0 = Debug|Any CPU
		{436725F0-B9ED-4527-A19C-B6885315AF97}.Debug|x64.ActiveCfg = Debug|Any CPU
		{436725F0-B9ED-4527-A19C-B6885315AF97}.Debug|x64.Build.0 = Debug|Any CPU
		{436725F0-B9ED-4527-A19C-B6885315AF97}.Debug|x86.ActiveCfg = Debug|Any CPU
		{436725F0-B9ED-4527-A19C-B6885315AF97}.Debug|x86.Build.0 = Debug|Any CPU
		{436725F0-B9ED-4527-A19C-B6885315AF97}.Release|Any CPU.ActiveCfg = Release|Any CPU
		{436725F0-B9ED-4527-A19C-B6885315AF97}.Release|Any CPU.Build.0 = Release|Any CPU
		{436725F0-B9ED-4527-A19C-B6885315AF97}.Release|x64.ActiveCfg = Release|Any CPU
		{436725F0-B9ED-4527-A19C-B6885315AF97}.Release|x64.Build.0 = Release|Any CPU
		{436725F0-B9ED-4527-A19C-B6885315AF97}.Release|x86.ActiveCfg = Release|Any CPU
		{436725F0-B9ED-4527-A19C-B6885315AF97}.Release|x86.Build.0 = Release|Any CPU
	EndGlobalSection
	GlobalSection(SolutionProperties) = preSolution
		HideSolutionNode = FALSE
	EndGlobalSection
	GlobalSection(NestedProjects) = preSolution
		{5C291AE0-4AB8-79EF-E3AE-1E6149BF3055} = {827E0CD3-B72D-47B6-A68D-7590B98EB39B}
		{0C5F1392-03DC-4DB2-8698-EB74687DB83C} = {827E0CD3-B72D-47B6-A68D-7590B98EB39B}
		{4AF2FFC9-8CC4-4E91-84F8-FEEF89C8D01A} = {827E0CD3-B72D-47B6-A68D-7590B98EB39B}
		{4D0D9563-2534-469B-BF29-AD163F836C32} = {827E0CD3-B72D-47B6-A68D-7590B98EB39B}
		{436725F0-B9ED-4527-A19C-B6885315AF97} = {827E0CD3-B72D-47B6-A68D-7590B98EB39B}
	EndGlobalSection
	GlobalSection(ExtensibilityGlobals) = postSolution
		SolutionGuid = {0389D130-AD42-477E-BCF2-670C65A576FA}
	EndGlobalSection
EndGlobal
